// !$*UTF8*$!
{
	archiveVersion = 1;
	classes = {
	};
	objectVersion = 50;
	objects = {

/* Begin PBXBuildFile section */
		E11B3D13249658D80027412A /* AppDelegate.swift in Sources */ = {isa = PBXBuildFile; fileRef = E11B3D12249658D80027412A /* AppDelegate.swift */; };
		E11B3D15249658D80027412A /* SceneDelegate.swift in Sources */ = {isa = PBXBuildFile; fileRef = E11B3D14249658D80027412A /* SceneDelegate.swift */; };
		E11B3D17249658D80027412A /* ViewController.swift in Sources */ = {isa = PBXBuildFile; fileRef = E11B3D16249658D80027412A /* ViewController.swift */; };
		E11B3D1A249658D80027412A /* Main.storyboard in Resources */ = {isa = PBXBuildFile; fileRef = E11B3D18249658D80027412A /* Main.storyboard */; };
		E11B3D1C249658DA0027412A /* Assets.xcassets in Resources */ = {isa = PBXBuildFile; fileRef = E11B3D1B249658DA0027412A /* Assets.xcassets */; };
		E11B3D1F249658DA0027412A /* LaunchScreen.storyboard in Resources */ = {isa = PBXBuildFile; fileRef = E11B3D1D249658DA0027412A /* LaunchScreen.storyboard */; };
		E1684D4A2497A5A0002709F4 /* Constants.swift in Sources */ = {isa = PBXBuildFile; fileRef = E1684D492497A5A0002709F4 /* Constants.swift */; };
		E196194C249EF8E700EF6F5C /* Response.swift in Sources */ = {isa = PBXBuildFile; fileRef = E196194B249EF8E700EF6F5C /* Response.swift */; };
		E196194E249F147000EF6F5C /* TestModel.swift in Sources */ = {isa = PBXBuildFile; fileRef = E196194D249F147000EF6F5C /* TestModel.swift */; };
		E1C2B29B2498638A004E2A12 /* Model.swift in Sources */ = {isa = PBXBuildFile; fileRef = E1C2B29A2498638A004E2A12 /* Model.swift */; };
		E1C2B29D24986583004E2A12 /* Video.swift in Sources */ = {isa = PBXBuildFile; fileRef = E1C2B29C24986583004E2A12 /* Video.swift */; };
/* End PBXBuildFile section */

/* Begin PBXFileReference section */
		E11B3D0F249658D80027412A /* Youtube-OnedayBuild.app */ = {isa = PBXFileReference; explicitFileType = wrapper.application; includeInIndex = 0; path = "Youtube-OnedayBuild.app"; sourceTree = BUILT_PRODUCTS_DIR; };
		E11B3D12249658D80027412A /* AppDelegate.swift */ = {isa = PBXFileReference; lastKnownFileType = sourcecode.swift; path = AppDelegate.swift; sourceTree = "<group>"; };
		E11B3D14249658D80027412A /* SceneDelegate.swift */ = {isa = PBXFileReference; lastKnownFileType = sourcecode.swift; path = SceneDelegate.swift; sourceTree = "<group>"; };
		E11B3D16249658D80027412A /* ViewController.swift */ = {isa = PBXFileReference; lastKnownFileType = sourcecode.swift; path = ViewController.swift; sourceTree = "<group>"; };
		E11B3D19249658D80027412A /* Base */ = {isa = PBXFileReference; lastKnownFileType = file.storyboard; name = Base; path = Base.lproj/Main.storyboard; sourceTree = "<group>"; };
		E11B3D1B249658DA0027412A /* Assets.xcassets */ = {isa = PBXFileReference; lastKnownFileType = folder.assetcatalog; path = Assets.xcassets; sourceTree = "<group>"; };
		E11B3D1E249658DA0027412A /* Base */ = {isa = PBXFileReference; lastKnownFileType = file.storyboard; name = Base; path = Base.lproj/LaunchScreen.storyboard; sourceTree = "<group>"; };
		E11B3D20249658DA0027412A /* Info.plist */ = {isa = PBXFileReference; lastKnownFileType = text.plist.xml; path = Info.plist; sourceTree = "<group>"; };
		E1684D492497A5A0002709F4 /* Constants.swift */ = {isa = PBXFileReference; lastKnownFileType = sourcecode.swift; path = Constants.swift; sourceTree = "<group>"; };
		E196194B249EF8E700EF6F5C /* Response.swift */ = {isa = PBXFileReference; lastKnownFileType = sourcecode.swift; path = Response.swift; sourceTree = "<group>"; };
		E196194D249F147000EF6F5C /* TestModel.swift */ = {isa = PBXFileReference; lastKnownFileType = sourcecode.swift; path = TestModel.swift; sourceTree = "<group>"; };
		E1C2B29A2498638A004E2A12 /* Model.swift */ = {isa = PBXFileReference; lastKnownFileType = sourcecode.swift; path = Model.swift; sourceTree = "<group>"; };
		E1C2B29C24986583004E2A12 /* Video.swift */ = {isa = PBXFileReference; lastKnownFileType = sourcecode.swift; path = Video.swift; sourceTree = "<group>"; };
/* End PBXFileReference section */

/* Begin PBXFrameworksBuildPhase section */
		E11B3D0C249658D80027412A /* Frameworks */ = {
			isa = PBXFrameworksBuildPhase;
			buildActionMask = 2147483647;
			files = (
			);
			runOnlyForDeploymentPostprocessing = 0;
		};
/* End PBXFrameworksBuildPhase section */

/* Begin PBXGroup section */
		E11B3D06249658D80027412A = {
			isa = PBXGroup;
			children = (
				E11B3D11249658D80027412A /* Youtube-OnedayBuild */,
				E11B3D10249658D80027412A /* Products */,
			);
			sourceTree = "<group>";
		};
		E11B3D10249658D80027412A /* Products */ = {
			isa = PBXGroup;
			children = (
				E11B3D0F249658D80027412A /* Youtube-OnedayBuild.app */,
			);
			name = Products;
			sourceTree = "<group>";
		};
		E11B3D11249658D80027412A /* Youtube-OnedayBuild */ = {
			isa = PBXGroup;
			children = (
				E11B3D12249658D80027412A /* AppDelegate.swift */,
				E11B3D14249658D80027412A /* SceneDelegate.swift */,
				E11B3D16249658D80027412A /* ViewController.swift */,
				E1684D492497A5A0002709F4 /* Constants.swift */,
				E1C2B29A2498638A004E2A12 /* Model.swift */,
				E1C2B29C24986583004E2A12 /* Video.swift */,
				E196194B249EF8E700EF6F5C /* Response.swift */,
				E196194D249F147000EF6F5C /* TestModel.swift */,
				E11B3D18249658D80027412A /* Main.storyboard */,
				E11B3D1B249658DA0027412A /* Assets.xcassets */,
				E11B3D1D249658DA0027412A /* LaunchScreen.storyboard */,
				E11B3D20249658DA0027412A /* Info.plist */,
			);
			path = "Youtube-OnedayBuild";
			sourceTree = "<group>";
		};
/* End PBXGroup section */

/* Begin PBXNativeTarget section */
		E11B3D0E249658D80027412A /* Youtube-OnedayBuild */ = {
			isa = PBXNativeTarget;
			buildConfigurationList = E11B3D23249658DA0027412A /* Build configuration list for PBXNativeTarget "Youtube-OnedayBuild" */;
			buildPhases = (
				E11B3D0B249658D80027412A /* Sources */,
				E11B3D0C249658D80027412A /* Frameworks */,
				E11B3D0D249658D80027412A /* Resources */,
			);
			buildRules = (
			);
			dependencies = (
			);
			name = "Youtube-OnedayBuild";
			productName = "Youtube-OnedayBuild";
			productReference = E11B3D0F249658D80027412A /* Youtube-OnedayBuild.app */;
			productType = "com.apple.product-type.application";
		};
/* End PBXNativeTarget section */

/* Begin PBXProject section */
		E11B3D07249658D80027412A /* Project object */ = {
			isa = PBXProject;
			attributes = {
				LastSwiftUpdateCheck = 1110;
				LastUpgradeCheck = 1110;
				ORGANIZATIONNAME = shahidpanchily;
				TargetAttributes = {
					E11B3D0E249658D80027412A = {
						CreatedOnToolsVersion = 11.1;
					};
				};
			};
			buildConfigurationList = E11B3D0A249658D80027412A /* Build configuration list for PBXProject "Youtube-OnedayBuild" */;
			compatibilityVersion = "Xcode 9.3";
			developmentRegion = en;
			hasScannedForEncodings = 0;
			knownRegions = (
				en,
				Base,
			);
			mainGroup = E11B3D06249658D80027412A;
			productRefGroup = E11B3D10249658D80027412A /* Products */;
			projectDirPath = "";
			projectRoot = "";
			targets = (
				E11B3D0E249658D80027412A /* Youtube-OnedayBuild */,
			);
		};
/* End PBXProject section */

/* Begin PBXResourcesBuildPhase section */
		E11B3D0D249658D80027412A /* Resources */ = {
			isa = PBXResourcesBuildPhase;
			buildActionMask = 2147483647;
			files = (
				E11B3D1F249658DA0027412A /* LaunchScreen.storyboard in Resources */,
				E11B3D1C249658DA0027412A /* Assets.xcassets in Resources */,
				E11B3D1A249658D80027412A /* Main.storyboard in Resources */,
			);
			runOnlyForDeploymentPostprocessing = 0;
		};
/* End PBXResourcesBuildPhase section */

/* Begin PBXSourcesBuildPhase section */
		E11B3D0B249658D80027412A /* Sources */ = {
			isa = PBXSourcesBuildPhase;
			buildActionMask = 2147483647;
			files = (
				E1C2B29B2498638A004E2A12 /* Model.swift in Sources */,
				E1C2B29D24986583004E2A12 /* Video.swift in Sources */,
				E11B3D17249658D80027412A /* ViewController.swift in Sources */,
				E196194E249F147000EF6F5C /* TestModel.swift in Sources */,
				E11B3D13249658D80027412A /* AppDelegate.swift in Sources */,
				E11B3D15249658D80027412A /* SceneDelegate.swift in Sources */,
				E1684D4A2497A5A0002709F4 /* Constants.swift in Sources */,
				E196194C249EF8E700EF6F5C /* Response.swift in Sources */,
			);
			runOnlyForDeploymentPostprocessing = 0;
		};
/* End PBXSourcesBuildPhase section */

/* Begin PBXVariantGroup section */
		E11B3D18249658D80027412A /* Main.storyboard */ = {
			isa = PBXVariantGroup;
			children = (
				E11B3D19249658D80027412A /* Base */,
			);
			name = Main.storyboard;
			sourceTree = "<group>";
		};
		E11B3D1D249658DA0027412A /* LaunchScreen.storyboard */ = {
			isa = PBXVariantGroup;
			children = (
				E11B3D1E249658DA0027412A /* Base */,
			);
			name = LaunchScreen.storyboard;
			sourceTree = "<group>";
		};
/* End PBXVariantGroup section */

/* Begin XCBuildConfiguration section */
		E11B3D21249658DA0027412A /* Debug */ = {
			isa = XCBuildConfiguration;
			buildSettings = {
				ALWAYS_SEARCH_USER_PATHS = NO;
				CLANG_ANALYZER_NONNULL = YES;
				CLANG_ANALYZER_NUMBER_OBJECT_CONVERSION = YES_AGGRESSIVE;
				CLANG_CXX_LANGUAGE_STANDARD = "gnu++14";
				CLANG_CXX_LIBRARY = "libc++";
				CLANG_ENABLE_MODULES = YES;
				CLANG_ENABLE_OBJC_ARC = YES;
				CLANG_ENABLE_OBJC_WEAK = YES;
				CLANG_WARN_BLOCK_CAPTURE_AUTORELEASING = YES;
				CLANG_WARN_BOOL_CONVERSION = YES;
				CLANG_WARN_COMMA = YES;
				CLANG_WARN_CONSTANT_CONVERSION = YES;
				CLANG_WARN_DEPRECATED_OBJC_IMPLEMENTATIONS = YES;
				CLANG_WARN_DIRECT_OBJC_ISA_USAGE = YES_ERROR;
				CLANG_WARN_DOCUMENTATION_COMMENTS = YES;
				CLANG_WARN_EMPTY_BODY = YES;
				CLANG_WARN_ENUM_CONVERSION = YES;
				CLANG_WARN_INFINITE_RECURSION = YES;
				CLANG_WARN_INT_CONVERSION = YES;
				CLANG_WARN_NON_LITERAL_NULL_CONVERSION = YES;
				CLANG_WARN_OBJC_IMPLICIT_RETAIN_SELF = YES;
				CLANG_WARN_OBJC_LITERAL_CONVERSION = YES;
				CLANG_WARN_OBJC_ROOT_CLASS = YES_ERROR;
				CLANG_WARN_RANGE_LOOP_ANALYSIS = YES;
				CLANG_WARN_STRICT_PROTOTYPES = YES;
				CLANG_WARN_SUSPICIOUS_MOVE = YES;
				CLANG_WARN_UNGUARDED_AVAILABILITY = YES_AGGRESSIVE;
				CLANG_WARN_UNREACHABLE_CODE = YES;
				CLANG_WARN__DUPLICATE_METHOD_MATCH = YES;
				COPY_PHASE_STRIP = NO;
				DEBUG_INFORMATION_FORMAT = dwarf;
				ENABLE_STRICT_OBJC_MSGSEND = YES;
				ENABLE_TESTABILITY = YES;
				GCC_C_LANGUAGE_STANDARD = gnu11;
				GCC_DYNAMIC_NO_PIC = NO;
				GCC_NO_COMMON_BLOCKS = YES;
				GCC_OPTIMIZATION_LEVEL = 0;
				GCC_PREPROCESSOR_DEFINITIONS = (
					"DEBUG=1",
					"$(inherited)",
				);
				GCC_WARN_64_TO_32_BIT_CONVERSION = YES;
				GCC_WARN_ABOUT_RETURN_TYPE = YES_ERROR;
				GCC_WARN_UNDECLARED_SELECTOR = YES;
				GCC_WARN_UNINITIALIZED_AUTOS = YES_AGGRESSIVE;
				GCC_WARN_UNUSED_FUNCTION = YES;
				GCC_WARN_UNUSED_VARIABLE = YES;
				IPHONEOS_DEPLOYMENT_TARGET = 13.1;
				MTL_ENABLE_DEBUG_INFO = INCLUDE_SOURCE;
				MTL_FAST_MATH = YES;
				ONLY_ACTIVE_ARCH = YES;
				SDKROOT = iphoneos;
				SWIFT_ACTIVE_COMPILATION_CONDITIONS = DEBUG;
				SWIFT_OPTIMIZATION_LEVEL = "-Onone";
			};
			name = Debug;
		};
		E11B3D22249658DA0027412A /* Release */ = {
			isa = XCBuildConfiguration;
			buildSettings = {
				ALWAYS_SEARCH_USER_PATHS = NO;
				CLANG_ANALYZER_NONNULL = YES;
				CLANG_ANALYZER_NUMBER_OBJECT_CONVERSION = YES_AGGRESSIVE;
				CLANG_CXX_LANGUAGE_STANDARD = "gnu++14";
				CLANG_CXX_LIBRARY = "libc++";
				CLANG_ENABLE_MODULES = YES;
				CLANG_ENABLE_OBJC_ARC = YES;
				CLANG_ENABLE_OBJC_WEAK = YES;
				CLANG_WARN_BLOCK_CAPTURE_AUTORELEASING = YES;
				CLANG_WARN_BOOL_CONVERSION = YES;
				CLANG_WARN_COMMA = YES;
				CLANG_WARN_CONSTANT_CONVERSION = YES;
				CLANG_WARN_DEPRECATED_OBJC_IMPLEMENTATIONS = YES;
				CLANG_WARN_DIRECT_OBJC_ISA_USAGE = YES_ERROR;
				CLANG_WARN_DOCUMENTATION_COMMENTS = YES;
				CLANG_WARN_EMPTY_BODY = YES;
				CLANG_WARN_ENUM_CONVERSION = YES;
				CLANG_WARN_INFINITE_RECURSION = YES;
				CLANG_WARN_INT_CONVERSION = YES;
				CLANG_WARN_NON_LITERAL_NULL_CONVERSION = YES;
				CLANG_WARN_OBJC_IMPLICIT_RETAIN_SELF = YES;
				CLANG_WARN_OBJC_LITERAL_CONVERSION = YES;
				CLANG_WARN_OBJC_ROOT_CLASS = YES_ERROR;
				CLANG_WARN_RANGE_LOOP_ANALYSIS = YES;
				CLANG_WARN_STRICT_PROTOTYPES = YES;
				CLANG_WARN_SUSPICIOUS_MOVE = YES;
				CLANG_WARN_UNGUARDED_AVAILABILITY = YES_AGGRESSIVE;
				CLANG_WARN_UNREACHABLE_CODE = YES;
				CLANG_WARN__DUPLICATE_METHOD_MATCH = YES;
				COPY_PHASE_STRIP = NO;
				DEBUG_INFORMATION_FORMAT = "dwarf-with-dsym";
				ENABLE_NS_ASSERTIONS = NO;
				ENABLE_STRICT_OBJC_MSGSEND = YES;
				GCC_C_LANGUAGE_STANDARD = gnu11;
				GCC_NO_COMMON_BLOCKS = YES;
				GCC_WARN_64_TO_32_BIT_CONVERSION = YES;
				GCC_WARN_ABOUT_RETURN_TYPE = YES_ERROR;
				GCC_WARN_UNDECLARED_SELECTOR = YES;
				GCC_WARN_UNINITIALIZED_AUTOS = YES_AGGRESSIVE;
				GCC_WARN_UNUSED_FUNCTION = YES;
				GCC_WARN_UNUSED_VARIABLE = YES;
				IPHONEOS_DEPLOYMENT_TARGET = 13.1;
				MTL_ENABLE_DEBUG_INFO = NO;
				MTL_FAST_MATH = YES;
				SDKROOT = iphoneos;
				SWIFT_COMPILATION_MODE = wholemodule;
				SWIFT_OPTIMIZATION_LEVEL = "-O";
				VALIDATE_PRODUCT = YES;
			};
			name = Release;
		};
		E11B3D24249658DA0027412A /* Debug */ = {
			isa = XCBuildConfiguration;
			buildSettings = {
				ASSETCATALOG_COMPILER_APPICON_NAME = AppIcon;
				CODE_SIGN_STYLE = Automatic;
				INFOPLIST_FILE = "Youtube-OnedayBuild/Info.plist";
				LD_RUNPATH_SEARCH_PATHS = (
					"$(inherited)",
					"@executable_path/Frameworks",
				);
				PRODUCT_BUNDLE_IDENTIFIER = "com.shahidpanchily.Youtube-OnedayBuild";
				PRODUCT_NAME = "$(TARGET_NAME)";
				SWIFT_VERSION = 5.0;
				TARGETED_DEVICE_FAMILY = "1,2";
			};
			name = Debug;
		};
		E11B3D25249658DA0027412A /* Release */ = {
			isa = XCBuildConfiguration;
			buildSettings = {
				ASSETCATALOG_COMPILER_APPICON_NAME = AppIcon;
				CODE_SIGN_STYLE = Automatic;
				INFOPLIST_FILE = "Youtube-OnedayBuild/Info.plist";
				LD_RUNPATH_SEARCH_PATHS = (
					"$(inherited)",
					"@executable_path/Frameworks",
				);
				PRODUCT_BUNDLE_IDENTIFIER = "com.shahidpanchily.Youtube-OnedayBuild";
				PRODUCT_NAME = "$(TARGET_NAME)";
				SWIFT_VERSION = 5.0;
				TARGETED_DEVICE_FAMILY = "1,2";
			};
			name = Release;
		};
/* End XCBuildConfiguration section */

/* Begin XCConfigurationList section */
		E11B3D0A249658D80027412A /* Build configuration list for PBXProject "Youtube-OnedayBuild" */ = {
			isa = XCConfigurationList;
			buildConfigurations = (
				E11B3D21249658DA0027412A /* Debug */,
				E11B3D22249658DA0027412A /* Release */,
			);
			defaultConfigurationIsVisible = 0;
			defaultConfigurationName = Release;
		};
		E11B3D23249658DA0027412A /* Build configuration list for PBXNativeTarget "Youtube-OnedayBuild" */ = {
			isa = XCConfigurationList;
			buildConfigurations = (
				E11B3D24249658DA0027412A /* Debug */,
				E11B3D25249658DA0027412A /* Release */,
			);
			defaultConfigurationIsVisible = 0;
			defaultConfigurationName = Release;
		};
/* End XCConfigurationList section */
	};
	rootObject = E11B3D07249658D80027412A /* Project object */;
}
